
Microsoft Visual Studio Solution File, Format Version 12.00
# Visual Studio 15
VisualStudioVersion = 15.0.26730.10
MinimumVisualStudioVersion = 10.0.40219.1
Project("{FAE04EC0-301F-11D3-BF4B-00C04F79EFBC}") = "proIMP", "proIMP\proIMP.csproj", "{93D62FB5-ED3B-4C99-8110-E42ECA11F07D}"
EndProject
Global
	GlobalSection(SolutionConfigurationPlatforms) = preSolution
		Debug|Any CPU = Debug|Any CPU
		Release|Any CPU = Release|Any CPU
	EndGlobalSection
	GlobalSection(ProjectConfigurationPlatforms) = postSolution
		{93D62FB5-ED3B-4C99-8110-E42ECA11F07D}.Debug|Any CPU.ActiveCfg = Debug|Any CPU
		{93D62FB5-ED3B-4C99-8110-E42ECA11F07D}.Debug|Any CPU.Build.0 = Debug|Any CPU
		{93D62FB5-ED3B-4C99-8110-E42ECA11F07D}.Release|Any CPU.ActiveCfg = Release|Any CPU
		{93D62FB5-ED3B-4C99-8110-E42ECA11F07D}.Release|Any CPU.Build.0 = Release|Any CPU
	EndGlobalSection
	GlobalSection(SolutionProperties) = preSolution
		HideSolutionNode = FALSE
	EndGlobalSection
	GlobalSection(ExtensibilityGlobals) = postSolution
		SolutionGuid = {378ECDFD-C966-416B-9A2F-E6BCCB63FCEA}
	EndGlobalSection
EndGlobal
